
Microsoft Visual Studio Solution File, Format Version 12.00
# Visual Studio 15
VisualStudioVersion = 15.0.27703.2000
MinimumVisualStudioVersion = 10.0.40219.1
Project("{9A19103F-16F7-4668-BE54-9A1E7A4F7556}") = "NewWEB", "NewWEB\NewWEB.csproj", "{0220191E-B0F9-417E-B09C-A3290C8079BC}"
EndProject
Project("{9A19103F-16F7-4668-BE54-9A1E7A4F7556}") = "DBModels", "DBModels\DBModels.csproj", "{6F61A1BC-B46C-4F57-BAB4-EED8D846411D}"
EndProject
Project("{9A19103F-16F7-4668-BE54-9A1E7A4F7556}") = "NewWEBAPI", "NewWEBAPI\NewWEBAPI.csproj", "{A1BECC4C-4871-4E0D-9F79-285B4AF38631}"
EndProject
Project("{FAE04EC0-301F-11D3-BF4B-00C04F79EFBC}") = "APICore", "APICore\APICore.csproj", "{3EE27284-6D68-40B5-824C-92A8A2541CD8}"
EndProject
Project("{FAE04EC0-301F-11D3-BF4B-00C04F79EFBC}") = "APICOREEF", "APICOREEF\APICOREEF.csproj", "{36DEE12E-3E12-4AE2-8F3B-C3A872C7C3B0}"
EndProject
Project("{FAE04EC0-301F-11D3-BF4B-00C04F79EFBC}") = "Token", "Token\Token.csproj", "{E03C8F77-B605-4371-A219-28D2780EF9E5}"
EndProject
Global
	GlobalSection(SolutionConfigurationPlatforms) = preSolution
		Debug|Any CPU = Debug|Any CPU
		Release|Any CPU = Release|Any CPU
	EndGlobalSection
	GlobalSection(ProjectConfigurationPlatforms) = postSolution
		{0220191E-B0F9-417E-B09C-A3290C8079BC}.Debug|Any CPU.ActiveCfg = Debug|Any CPU
		{0220191E-B0F9-417E-B09C-A3290C8079BC}.Debug|Any CPU.Build.0 = Debug|Any CPU
		{0220191E-B0F9-417E-B09C-A3290C8079BC}.Release|Any CPU.ActiveCfg = Release|Any CPU
		{0220191E-B0F9-417E-B09C-A3290C8079BC}.Release|Any CPU.Build.0 = Release|Any CPU
		{6F61A1BC-B46C-4F57-BAB4-EED8D846411D}.Debug|Any CPU.ActiveCfg = Debug|Any CPU
		{6F61A1BC-B46C-4F57-BAB4-EED8D846411D}.Debug|Any CPU.Build.0 = Debug|Any CPU
		{6F61A1BC-B46C-4F57-BAB4-EED8D846411D}.Release|Any CPU.ActiveCfg = Release|Any CPU
		{6F61A1BC-B46C-4F57-BAB4-EED8D846411D}.Release|Any CPU.Build.0 = Release|Any CPU
		{A1BECC4C-4871-4E0D-9F79-285B4AF38631}.Debug|Any CPU.ActiveCfg = Debug|Any CPU
		{A1BECC4C-4871-4E0D-9F79-285B4AF38631}.Debug|Any CPU.Build.0 = Debug|Any CPU
		{A1BECC4C-4871-4E0D-9F79-285B4AF38631}.Release|Any CPU.ActiveCfg = Release|Any CPU
		{A1BECC4C-4871-4E0D-9F79-285B4AF38631}.Release|Any CPU.Build.0 = Release|Any CPU
		{3EE27284-6D68-40B5-824C-92A8A2541CD8}.Debug|Any CPU.ActiveCfg = Debug|Any CPU
		{3EE27284-6D68-40B5-824C-92A8A2541CD8}.Debug|Any CPU.Build.0 = Debug|Any CPU
		{3EE27284-6D68-40B5-824C-92A8A2541CD8}.Release|Any CPU.ActiveCfg = Release|Any CPU
		{3EE27284-6D68-40B5-824C-92A8A2541CD8}.Release|Any CPU.Build.0 = Release|Any CPU
		{36DEE12E-3E12-4AE2-8F3B-C3A872C7C3B0}.Debug|Any CPU.ActiveCfg = Debug|Any CPU
		{36DEE12E-3E12-4AE2-8F3B-C3A872C7C3B0}.Debug|Any CPU.Build.0 = Debug|Any CPU
		{36DEE12E-3E12-4AE2-8F3B-C3A872C7C3B0}.Release|Any CPU.ActiveCfg = Release|Any CPU
		{36DEE12E-3E12-4AE2-8F3B-C3A872C7C3B0}.Release|Any CPU.Build.0 = Release|Any CPU
		{E03C8F77-B605-4371-A219-28D2780EF9E5}.Debug|Any CPU.ActiveCfg = Debug|Any CPU
		{E03C8F77-B605-4371-A219-28D2780EF9E5}.Debug|Any CPU.Build.0 = Debug|Any CPU
		{E03C8F77-B605-4371-A219-28D2780EF9E5}.Release|Any CPU.ActiveCfg = Release|Any CPU
		{E03C8F77-B605-4371-A219-28D2780EF9E5}.Release|Any CPU.Build.0 = Release|Any CPU
	EndGlobalSection
	GlobalSection(SolutionProperties) = preSolution
		HideSolutionNode = FALSE
	EndGlobalSection
	GlobalSection(ExtensibilityGlobals) = postSolution
		SolutionGuid = {C907F8BD-C1DB-48DC-B134-7366E3454D33}
	EndGlobalSection
EndGlobal
